github.com/joho/godotenv v1.3.0 h1:Zjp+RcGpHhGlrMbJzXTrZZPrWj+1vfm90La1wgB6Bhc=
github.com/joho/godotenv v1.3.0/go.mod h1:7hK45KPybAkOC6peb+G5yklZfMxEjkZhHbwpqxOKXbg=
github.com/sniddunc/mordhau-rcon v0.1.3 h1:RoRmO070MQKtkf6/lvOxzcO2ulJBb4MMq1hku2oaimE=
github.com/sniddunc/mordhau-rcon v0.1.3/go.mod h1:q/+H893G6yTl4SgGEbj7LYjIzsDl3Z38F1DE+KadH3M=
github.com/sniddunc/mordhau-rcon v0.1.5 h1:D4/NBkvaolgv1qR02Gno8POVXu1p5JX3GOfPqnBUQ/M=
github.com/sniddunc/mordhau-rcon v0.1.5/go.mod h1:q/+H893G6yTl4SgGEbj7LYjIzsDl3Z38F1DE+KadH3M=
